// !$*UTF8*$!
{
	archiveVersion = 1;
	classes = {
	};
	objectVersion = 56;
	objects = {

/* Begin PBXBuildFile section */
		5F302B082AAA2F1800CFEFFB /* Post.swift in Sources */ = {isa = PBXBuildFile; fileRef = 5F302B072AAA2F1800CFEFFB /* Post.swift */; };
		5F302B0A2AAA3F1400CFEFFB /* PostViewModel.swift in Sources */ = {isa = PBXBuildFile; fileRef = 5F302B092AAA3F1400CFEFFB /* PostViewModel.swift */; };
		5F302B0C2AAA8F9F00CFEFFB /* ConmmentController.swift in Sources */ = {isa = PBXBuildFile; fileRef = 5F302B0B2AAA8F9F00CFEFFB /* ConmmentController.swift */; };
		5F302B0E2AAA90DC00CFEFFB /* CommentCell.swift in Sources */ = {isa = PBXBuildFile; fileRef = 5F302B0D2AAA90DC00CFEFFB /* CommentCell.swift */; };
		5F302B112AAA991B00CFEFFB /* CommentAccessoryView.swift in Sources */ = {isa = PBXBuildFile; fileRef = 5F302B102AAA991B00CFEFFB /* CommentAccessoryView.swift */; };
		5F3AAA0A2AA798F000D06E0B /* LoginController.swift in Sources */ = {isa = PBXBuildFile; fileRef = 5F3AAA092AA798F000D06E0B /* LoginController.swift */; };
		5F3AAA0C2AA798FF00D06E0B /* RegistrationController.swift in Sources */ = {isa = PBXBuildFile; fileRef = 5F3AAA0B2AA798FF00D06E0B /* RegistrationController.swift */; };
		5F3AAA0F2AA7C09400D06E0B /* AuthenticationViewModel.swift in Sources */ = {isa = PBXBuildFile; fileRef = 5F3AAA0E2AA7C09400D06E0B /* AuthenticationViewModel.swift */; };
		5F3AAA112AA7D06E00D06E0B /* Protocols.swift in Sources */ = {isa = PBXBuildFile; fileRef = 5F3AAA102AA7D06E00D06E0B /* Protocols.swift */; };
		5F3AAA132AA7D9FC00D06E0B /* GoogleService-Info.plist in Resources */ = {isa = PBXBuildFile; fileRef = 5F3AAA122AA7D9FC00D06E0B /* GoogleService-Info.plist */; };
		5F5AEA542AA7613500E25835 /* AppDelegate.swift in Sources */ = {isa = PBXBuildFile; fileRef = 5F5AEA532AA7613500E25835 /* AppDelegate.swift */; };
		5F5AEA562AA7613500E25835 /* SceneDelegate.swift in Sources */ = {isa = PBXBuildFile; fileRef = 5F5AEA552AA7613500E25835 /* SceneDelegate.swift */; };
		5F5AEA5D2AA7613500E25835 /* Assets.xcassets in Resources */ = {isa = PBXBuildFile; fileRef = 5F5AEA5C2AA7613500E25835 /* Assets.xcassets */; };
		5F5AEA602AA7613500E25835 /* LaunchScreen.storyboard in Resources */ = {isa = PBXBuildFile; fileRef = 5F5AEA5E2AA7613500E25835 /* LaunchScreen.storyboard */; };
		5F5AEA6D2AA761FC00E25835 /* MainTapContoller.swift in Sources */ = {isa = PBXBuildFile; fileRef = 5F5AEA6C2AA761FC00E25835 /* MainTapContoller.swift */; };
		5F5AEA6F2AA7633B00E25835 /* FeedController.swift in Sources */ = {isa = PBXBuildFile; fileRef = 5F5AEA6E2AA7633B00E25835 /* FeedController.swift */; };
		5F5AEA712AA7634600E25835 /* SearchContoller.swift in Sources */ = {isa = PBXBuildFile; fileRef = 5F5AEA702AA7634600E25835 /* SearchContoller.swift */; };
		5F5AEA732AA7635500E25835 /* ImageSelectorController.swift in Sources */ = {isa = PBXBuildFile; fileRef = 5F5AEA722AA7635500E25835 /* ImageSelectorController.swift */; };
		5F5AEA752AA7637D00E25835 /* NotificationsController.swift in Sources */ = {isa = PBXBuildFile; fileRef = 5F5AEA742AA7637D00E25835 /* NotificationsController.swift */; };
		5F5AEA772AA7638B00E25835 /* ProfileController.swift in Sources */ = {isa = PBXBuildFile; fileRef = 5F5AEA762AA7638B00E25835 /* ProfileController.swift */; };
		5F5AEA792AA76D9300E25835 /* Constants.swift in Sources */ = {isa = PBXBuildFile; fileRef = 5F5AEA782AA76D9300E25835 /* Constants.swift */; };
		5F5AEA7B2AA7728000E25835 /* FeedCell.swift in Sources */ = {isa = PBXBuildFile; fileRef = 5F5AEA7A2AA7728000E25835 /* FeedCell.swift */; };
		5F5AEA7D2AA7735400E25835 /* Extensions.swift in Sources */ = {isa = PBXBuildFile; fileRef = 5F5AEA7C2AA7735400E25835 /* Extensions.swift */; };
		5F78E1952AA81EBF00B7F48A /* ProfileCell.swift in Sources */ = {isa = PBXBuildFile; fileRef = 5F78E1942AA81EBF00B7F48A /* ProfileCell.swift */; };
		5F78E1972AA81F1300B7F48A /* ProfileHeader.swift in Sources */ = {isa = PBXBuildFile; fileRef = 5F78E1962AA81F1300B7F48A /* ProfileHeader.swift */; };
		5F83760D2AA8D9C1003FAD7E /* UserService.swift in Sources */ = {isa = PBXBuildFile; fileRef = 5F83760C2AA8D9C1003FAD7E /* UserService.swift */; };
		5F83760F2AA8DB2D003FAD7E /* User.swift in Sources */ = {isa = PBXBuildFile; fileRef = 5F83760E2AA8DB2D003FAD7E /* User.swift */; };
		5F8376112AA8E003003FAD7E /* ProfileHeaderViewModel.swift in Sources */ = {isa = PBXBuildFile; fileRef = 5F8376102AA8E003003FAD7E /* ProfileHeaderViewModel.swift */; };
		5F8376142AA8EB00003FAD7E /* SDWebImage in Frameworks */ = {isa = PBXBuildFile; productRef = 5F8376132AA8EB00003FAD7E /* SDWebImage */; };
		5F8376162AA9055E003FAD7E /* SearchTableCell.swift in Sources */ = {isa = PBXBuildFile; fileRef = 5F8376152AA9055E003FAD7E /* SearchTableCell.swift */; };
		5F8376182AA924A2003FAD7E /* SearchTableViewModel.swift in Sources */ = {isa = PBXBuildFile; fileRef = 5F8376172AA924A2003FAD7E /* SearchTableViewModel.swift */; };
		5F8B44C02AAAC0B100591036 /* CommentService.swift in Sources */ = {isa = PBXBuildFile; fileRef = 5F8B44BF2AAAC0B100591036 /* CommentService.swift */; };
		5F8B44C22AAAC7F000591036 /* Comment.swift in Sources */ = {isa = PBXBuildFile; fileRef = 5F8B44C12AAAC7F000591036 /* Comment.swift */; };
		5F8B44C42AAAD08F00591036 /* CommentViewModel.swift in Sources */ = {isa = PBXBuildFile; fileRef = 5F8B44C32AAAD08F00591036 /* CommentViewModel.swift */; };
		5F96829E2AA96D5A00BCEFC7 /* YPImagePicker in Frameworks */ = {isa = PBXBuildFile; productRef = 5F96829D2AA96D5A00BCEFC7 /* YPImagePicker */; };
		5F9682A02AA979FC00BCEFC7 /* UploadPostController.swift in Sources */ = {isa = PBXBuildFile; fileRef = 5F96829F2AA979FC00BCEFC7 /* UploadPostController.swift */; };
		5F9682A32AA98EAF00BCEFC7 /* InputTextView.swift in Sources */ = {isa = PBXBuildFile; fileRef = 5F9682A22AA98EAF00BCEFC7 /* InputTextView.swift */; };
		5F9682A52AA995CC00BCEFC7 /* PostService.swift in Sources */ = {isa = PBXBuildFile; fileRef = 5F9682A42AA995CC00BCEFC7 /* PostService.swift */; };
		5F9682A82AA9A51300BCEFC7 /* JGProgressHUD in Frameworks */ = {isa = PBXBuildFile; productRef = 5F9682A72AA9A51300BCEFC7 /* JGProgressHUD */; };
		5FA29C572AA7E5CF000C90CF /* FirebaseAuth in Frameworks */ = {isa = PBXBuildFile; productRef = 5FA29C562AA7E5CF000C90CF /* FirebaseAuth */; };
		5FA29C592AA7E5CF000C90CF /* FirebaseDatabase in Frameworks */ = {isa = PBXBuildFile; productRef = 5FA29C582AA7E5CF000C90CF /* FirebaseDatabase */; };
		5FA29C5B2AA7E5CF000C90CF /* FirebaseStorage in Frameworks */ = {isa = PBXBuildFile; productRef = 5FA29C5A2AA7E5CF000C90CF /* FirebaseStorage */; };
		5FA29C5D2AA7EBAF000C90CF /* ImageUploader.swift in Sources */ = {isa = PBXBuildFile; fileRef = 5FA29C5C2AA7EBAF000C90CF /* ImageUploader.swift */; };
		5FA29C5F2AA7EDAF000C90CF /* AuthService.swift in Sources */ = {isa = PBXBuildFile; fileRef = 5FA29C5E2AA7EDAF000C90CF /* AuthService.swift */; };
		5FA29C612AA7F3DE000C90CF /* DBString.swift in Sources */ = {isa = PBXBuildFile; fileRef = 5FA29C602AA7F3DE000C90CF /* DBString.swift */; };
		5FCA64B82AABC12F00FF478F /* NotificationCell.swift in Sources */ = {isa = PBXBuildFile; fileRef = 5FCA64B72AABC12F00FF478F /* NotificationCell.swift */; };
		5FCA64BA2AABD0A800FF478F /* Notification.swift in Sources */ = {isa = PBXBuildFile; fileRef = 5FCA64B92AABD0A800FF478F /* Notification.swift */; };
		5FCA64BC2AABD0EA00FF478F /* Enum.swift in Sources */ = {isa = PBXBuildFile; fileRef = 5FCA64BB2AABD0EA00FF478F /* Enum.swift */; };
		5FCA64BE2AABE41500FF478F /* NotificationService.swift in Sources */ = {isa = PBXBuildFile; fileRef = 5FCA64BD2AABE41500FF478F /* NotificationService.swift */; };
		5FCA64C02AAC017000FF478F /* NotificationViewModel.swift in Sources */ = {isa = PBXBuildFile; fileRef = 5FCA64BF2AAC017000FF478F /* NotificationViewModel.swift */; };
		5FFBACE92AAD491000AA9CDC /* ResetPasswordController.swift in Sources */ = {isa = PBXBuildFile; fileRef = 5FFBACE82AAD491000AA9CDC /* ResetPasswordController.swift */; };
/* End PBXBuildFile section */

/* Begin PBXFileReference section */
		5F302B072AAA2F1800CFEFFB /* Post.swift */ = {isa = PBXFileReference; lastKnownFileType = sourcecode.swift; path = Post.swift; sourceTree = "<group>"; };
		5F302B092AAA3F1400CFEFFB /* PostViewModel.swift */ = {isa = PBXFileReference; lastKnownFileType = sourcecode.swift; path = PostViewModel.swift; sourceTree = "<group>"; };
		5F302B0B2AAA8F9F00CFEFFB /* ConmmentController.swift */ = {isa = PBXFileReference; lastKnownFileType = sourcecode.swift; path = ConmmentController.swift; sourceTree = "<group>"; };
		5F302B0D2AAA90DC00CFEFFB /* CommentCell.swift */ = {isa = PBXFileReference; lastKnownFileType = sourcecode.swift; path = CommentCell.swift; sourceTree = "<group>"; };
		5F302B102AAA991B00CFEFFB /* CommentAccessoryView.swift */ = {isa = PBXFileReference; lastKnownFileType = sourcecode.swift; path = CommentAccessoryView.swift; sourceTree = "<group>"; };
		5F3AAA092AA798F000D06E0B /* LoginController.swift */ = {isa = PBXFileReference; lastKnownFileType = sourcecode.swift; path = LoginController.swift; sourceTree = "<group>"; };
		5F3AAA0B2AA798FF00D06E0B /* RegistrationController.swift */ = {isa = PBXFileReference; lastKnownFileType = sourcecode.swift; path = RegistrationController.swift; sourceTree = "<group>"; };
		5F3AAA0E2AA7C09400D06E0B /* AuthenticationViewModel.swift */ = {isa = PBXFileReference; lastKnownFileType = sourcecode.swift; path = AuthenticationViewModel.swift; sourceTree = "<group>"; };
		5F3AAA102AA7D06E00D06E0B /* Protocols.swift */ = {isa = PBXFileReference; lastKnownFileType = sourcecode.swift; path = Protocols.swift; sourceTree = "<group>"; };
		5F3AAA122AA7D9FC00D06E0B /* GoogleService-Info.plist */ = {isa = PBXFileReference; fileEncoding = 4; lastKnownFileType = text.plist.xml; path = "GoogleService-Info.plist"; sourceTree = "<group>"; };
		5F5AEA502AA7613500E25835 /* InstagramMVVM.app */ = {isa = PBXFileReference; explicitFileType = wrapper.application; includeInIndex = 0; path = InstagramMVVM.app; sourceTree = BUILT_PRODUCTS_DIR; };
		5F5AEA532AA7613500E25835 /* AppDelegate.swift */ = {isa = PBXFileReference; lastKnownFileType = sourcecode.swift; path = AppDelegate.swift; sourceTree = "<group>"; };
		5F5AEA552AA7613500E25835 /* SceneDelegate.swift */ = {isa = PBXFileReference; lastKnownFileType = sourcecode.swift; path = SceneDelegate.swift; sourceTree = "<group>"; };
		5F5AEA5C2AA7613500E25835 /* Assets.xcassets */ = {isa = PBXFileReference; lastKnownFileType = folder.assetcatalog; path = Assets.xcassets; sourceTree = "<group>"; };
		5F5AEA5F2AA7613500E25835 /* Base */ = {isa = PBXFileReference; lastKnownFileType = file.storyboard; name = Base; path = Base.lproj/LaunchScreen.storyboard; sourceTree = "<group>"; };
		5F5AEA612AA7613500E25835 /* Info.plist */ = {isa = PBXFileReference; lastKnownFileType = text.plist.xml; path = Info.plist; sourceTree = "<group>"; };
		5F5AEA6C2AA761FC00E25835 /* MainTapContoller.swift */ = {isa = PBXFileReference; lastKnownFileType = sourcecode.swift; path = MainTapContoller.swift; sourceTree = "<group>"; };
		5F5AEA6E2AA7633B00E25835 /* FeedController.swift */ = {isa = PBXFileReference; lastKnownFileType = sourcecode.swift; path = FeedController.swift; sourceTree = "<group>"; };
		5F5AEA702AA7634600E25835 /* SearchContoller.swift */ = {isa = PBXFileReference; lastKnownFileType = sourcecode.swift; path = SearchContoller.swift; sourceTree = "<group>"; };
		5F5AEA722AA7635500E25835 /* ImageSelectorController.swift */ = {isa = PBXFileReference; lastKnownFileType = sourcecode.swift; path = ImageSelectorController.swift; sourceTree = "<group>"; };
		5F5AEA742AA7637D00E25835 /* NotificationsController.swift */ = {isa = PBXFileReference; lastKnownFileType = sourcecode.swift; path = NotificationsController.swift; sourceTree = "<group>"; };
		5F5AEA762AA7638B00E25835 /* ProfileController.swift */ = {isa = PBXFileReference; lastKnownFileType = sourcecode.swift; path = ProfileController.swift; sourceTree = "<group>"; };
		5F5AEA782AA76D9300E25835 /* Constants.swift */ = {isa = PBXFileReference; lastKnownFileType = sourcecode.swift; path = Constants.swift; sourceTree = "<group>"; };
		5F5AEA7A2AA7728000E25835 /* FeedCell.swift */ = {isa = PBXFileReference; lastKnownFileType = sourcecode.swift; path = FeedCell.swift; sourceTree = "<group>"; };
		5F5AEA7C2AA7735400E25835 /* Extensions.swift */ = {isa = PBXFileReference; lastKnownFileType = sourcecode.swift; path = Extensions.swift; sourceTree = "<group>"; };
		5F78E1942AA81EBF00B7F48A /* ProfileCell.swift */ = {isa = PBXFileReference; lastKnownFileType = sourcecode.swift; path = ProfileCell.swift; sourceTree = "<group>"; };
		5F78E1962AA81F1300B7F48A /* ProfileHeader.swift */ = {isa = PBXFileReference; lastKnownFileType = sourcecode.swift; path = ProfileHeader.swift; sourceTree = "<group>"; };
		5F83760C2AA8D9C1003FAD7E /* UserService.swift */ = {isa = PBXFileReference; lastKnownFileType = sourcecode.swift; path = UserService.swift; sourceTree = "<group>"; };
		5F83760E2AA8DB2D003FAD7E /* User.swift */ = {isa = PBXFileReference; lastKnownFileType = sourcecode.swift; path = User.swift; sourceTree = "<group>"; };
		5F8376102AA8E003003FAD7E /* ProfileHeaderViewModel.swift */ = {isa = PBXFileReference; lastKnownFileType = sourcecode.swift; path = ProfileHeaderViewModel.swift; sourceTree = "<group>"; };
		5F8376152AA9055E003FAD7E /* SearchTableCell.swift */ = {isa = PBXFileReference; lastKnownFileType = sourcecode.swift; path = SearchTableCell.swift; sourceTree = "<group>"; };
		5F8376172AA924A2003FAD7E /* SearchTableViewModel.swift */ = {isa = PBXFileReference; lastKnownFileType = sourcecode.swift; path = SearchTableViewModel.swift; sourceTree = "<group>"; };
		5F8B44BF2AAAC0B100591036 /* CommentService.swift */ = {isa = PBXFileReference; lastKnownFileType = sourcecode.swift; path = CommentService.swift; sourceTree = "<group>"; };
		5F8B44C12AAAC7F000591036 /* Comment.swift */ = {isa = PBXFileReference; lastKnownFileType = sourcecode.swift; path = Comment.swift; sourceTree = "<group>"; };
		5F8B44C32AAAD08F00591036 /* CommentViewModel.swift */ = {isa = PBXFileReference; lastKnownFileType = sourcecode.swift; path = CommentViewModel.swift; sourceTree = "<group>"; };
		5F96829F2AA979FC00BCEFC7 /* UploadPostController.swift */ = {isa = PBXFileReference; lastKnownFileType = sourcecode.swift; path = UploadPostController.swift; sourceTree = "<group>"; };
		5F9682A22AA98EAF00BCEFC7 /* InputTextView.swift */ = {isa = PBXFileReference; lastKnownFileType = sourcecode.swift; path = InputTextView.swift; sourceTree = "<group>"; };
		5F9682A42AA995CC00BCEFC7 /* PostService.swift */ = {isa = PBXFileReference; lastKnownFileType = sourcecode.swift; path = PostService.swift; sourceTree = "<group>"; };
		5FA29C5C2AA7EBAF000C90CF /* ImageUploader.swift */ = {isa = PBXFileReference; lastKnownFileType = sourcecode.swift; path = ImageUploader.swift; sourceTree = "<group>"; };
		5FA29C5E2AA7EDAF000C90CF /* AuthService.swift */ = {isa = PBXFileReference; lastKnownFileType = sourcecode.swift; path = AuthService.swift; sourceTree = "<group>"; };
		5FA29C602AA7F3DE000C90CF /* DBString.swift */ = {isa = PBXFileReference; lastKnownFileType = sourcecode.swift; path = DBString.swift; sourceTree = "<group>"; };
		5FCA64B72AABC12F00FF478F /* NotificationCell.swift */ = {isa = PBXFileReference; lastKnownFileType = sourcecode.swift; path = NotificationCell.swift; sourceTree = "<group>"; };
		5FCA64B92AABD0A800FF478F /* Notification.swift */ = {isa = PBXFileReference; lastKnownFileType = sourcecode.swift; path = Notification.swift; sourceTree = "<group>"; };
		5FCA64BB2AABD0EA00FF478F /* Enum.swift */ = {isa = PBXFileReference; lastKnownFileType = sourcecode.swift; path = Enum.swift; sourceTree = "<group>"; };
		5FCA64BD2AABE41500FF478F /* NotificationService.swift */ = {isa = PBXFileReference; lastKnownFileType = sourcecode.swift; path = NotificationService.swift; sourceTree = "<group>"; };
		5FCA64BF2AAC017000FF478F /* NotificationViewModel.swift */ = {isa = PBXFileReference; lastKnownFileType = sourcecode.swift; path = NotificationViewModel.swift; sourceTree = "<group>"; };
		5FFBACE82AAD491000AA9CDC /* ResetPasswordController.swift */ = {isa = PBXFileReference; lastKnownFileType = sourcecode.swift; path = ResetPasswordController.swift; sourceTree = "<group>"; };
/* End PBXFileReference section */

/* Begin PBXFrameworksBuildPhase section */
		5F5AEA4D2AA7613500E25835 /* Frameworks */ = {
			isa = PBXFrameworksBuildPhase;
			buildActionMask = 2147483647;
			files = (
				5FA29C592AA7E5CF000C90CF /* FirebaseDatabase in Frameworks */,
				5F96829E2AA96D5A00BCEFC7 /* YPImagePicker in Frameworks */,
				5FA29C572AA7E5CF000C90CF /* FirebaseAuth in Frameworks */,
				5F8376142AA8EB00003FAD7E /* SDWebImage in Frameworks */,
				5F9682A82AA9A51300BCEFC7 /* JGProgressHUD in Frameworks */,
				5FA29C5B2AA7E5CF000C90CF /* FirebaseStorage in Frameworks */,
			);
			runOnlyForDeploymentPostprocessing = 0;
		};
/* End PBXFrameworksBuildPhase section */

/* Begin PBXGroup section */
		5F302B0F2AAA98CA00CFEFFB /* Profile */ = {
			isa = PBXGroup;
			children = (
				5F5AEA7A2AA7728000E25835 /* FeedCell.swift */,
				5F8376152AA9055E003FAD7E /* SearchTableCell.swift */,
				5F78E1942AA81EBF00B7F48A /* ProfileCell.swift */,
				5F78E1962AA81F1300B7F48A /* ProfileHeader.swift */,
				5F302B0D2AAA90DC00CFEFFB /* CommentCell.swift */,
				5F302B102AAA991B00CFEFFB /* CommentAccessoryView.swift */,
				5FCA64B72AABC12F00FF478F /* NotificationCell.swift */,
			);
			path = Profile;
			sourceTree = "<group>";
		};
		5F3AAA082AA798CD00D06E0B /* Auth */ = {
			isa = PBXGroup;
			children = (
				5F3AAA092AA798F000D06E0B /* LoginController.swift */,
				5F3AAA0B2AA798FF00D06E0B /* RegistrationController.swift */,
				5FFBACE82AAD491000AA9CDC /* ResetPasswordController.swift */,
			);
			path = Auth;
			sourceTree = "<group>";
		};
		5F3AAA0D2AA7C07C00D06E0B /* ViewModel */ = {
			isa = PBXGroup;
			children = (
				5F3AAA0E2AA7C09400D06E0B /* AuthenticationViewModel.swift */,
				5F8376102AA8E003003FAD7E /* ProfileHeaderViewModel.swift */,
				5F8376172AA924A2003FAD7E /* SearchTableViewModel.swift */,
				5F302B092AAA3F1400CFEFFB /* PostViewModel.swift */,
				5F8B44C32AAAD08F00591036 /* CommentViewModel.swift */,
				5FCA64BF2AAC017000FF478F /* NotificationViewModel.swift */,
			);
			path = ViewModel;
			sourceTree = "<group>";
		};
		5F5AEA472AA7613500E25835 = {
			isa = PBXGroup;
			children = (
				5F5AEA522AA7613500E25835 /* InstagramMVVM */,
				5F5AEA512AA7613500E25835 /* Products */,
			);
			sourceTree = "<group>";
		};
		5F5AEA512AA7613500E25835 /* Products */ = {
			isa = PBXGroup;
			children = (
				5F5AEA502AA7613500E25835 /* InstagramMVVM.app */,
			);
			name = Products;
			sourceTree = "<group>";
		};
		5F5AEA522AA7613500E25835 /* InstagramMVVM */ = {
			isa = PBXGroup;
			children = (
				5F5AEA532AA7613500E25835 /* AppDelegate.swift */,
				5F5AEA552AA7613500E25835 /* SceneDelegate.swift */,
				5F5AEA6B2AA761A800E25835 /* Utils */,
				5F5AEA682AA7618E00E25835 /* Model */,
				5F5AEA6A2AA7619900E25835 /* API */,
				5F5AEA692AA7619400E25835 /* Controller */,
				5F5AEA672AA7618600E25835 /* View */,
				5F5AEA5C2AA7613500E25835 /* Assets.xcassets */,
				5F5AEA5E2AA7613500E25835 /* LaunchScreen.storyboard */,
				5F5AEA612AA7613500E25835 /* Info.plist */,
				5F3AAA122AA7D9FC00D06E0B /* GoogleService-Info.plist */,
			);
			path = InstagramMVVM;
			sourceTree = "<group>";
		};
		5F5AEA672AA7618600E25835 /* View */ = {
			isa = PBXGroup;
			children = (
				5F302B0F2AAA98CA00CFEFFB /* Profile */,
				5F3AAA0D2AA7C07C00D06E0B /* ViewModel */,
			);
			path = View;
			sourceTree = "<group>";
		};
		5F5AEA682AA7618E00E25835 /* Model */ = {
			isa = PBXGroup;
			children = (
				5F83760E2AA8DB2D003FAD7E /* User.swift */,
				5F302B072AAA2F1800CFEFFB /* Post.swift */,
				5F8B44C12AAAC7F000591036 /* Comment.swift */,
				5FCA64B92AABD0A800FF478F /* Notification.swift */,
			);
			path = Model;
			sourceTree = "<group>";
		};
		5F5AEA692AA7619400E25835 /* Controller */ = {
			isa = PBXGroup;
			children = (
				5F5AEA6C2AA761FC00E25835 /* MainTapContoller.swift */,
				5F96829F2AA979FC00BCEFC7 /* UploadPostController.swift */,
				5F302B0B2AAA8F9F00CFEFFB /* ConmmentController.swift */,
				5F9682A12AA97A0900BCEFC7 /* TabBar */,
				5F3AAA082AA798CD00D06E0B /* Auth */,
			);
			path = Controller;
			sourceTree = "<group>";
		};
		5F5AEA6A2AA7619900E25835 /* API */ = {
			isa = PBXGroup;
			children = (
				5FA29C5C2AA7EBAF000C90CF /* ImageUploader.swift */,
				5FA29C5E2AA7EDAF000C90CF /* AuthService.swift */,
				5F83760C2AA8D9C1003FAD7E /* UserService.swift */,
				5F9682A42AA995CC00BCEFC7 /* PostService.swift */,
				5F8B44BF2AAAC0B100591036 /* CommentService.swift */,
				5FCA64BD2AABE41500FF478F /* NotificationService.swift */,
			);
			path = API;
			sourceTree = "<group>";
		};
		5F5AEA6B2AA761A800E25835 /* Utils */ = {
			isa = PBXGroup;
			children = (
				5F5AEA7C2AA7735400E25835 /* Extensions.swift */,
				5F3AAA102AA7D06E00D06E0B /* Protocols.swift */,
				5FA29C602AA7F3DE000C90CF /* DBString.swift */,
				5F5AEA782AA76D9300E25835 /* Constants.swift */,
				5F9682A22AA98EAF00BCEFC7 /* InputTextView.swift */,
				5FCA64BB2AABD0EA00FF478F /* Enum.swift */,
			);
			path = Utils;
			sourceTree = "<group>";
		};
		5F9682A12AA97A0900BCEFC7 /* TabBar */ = {
			isa = PBXGroup;
			children = (
				5F5AEA6E2AA7633B00E25835 /* FeedController.swift */,
				5F5AEA702AA7634600E25835 /* SearchContoller.swift */,
				5F5AEA722AA7635500E25835 /* ImageSelectorController.swift */,
				5F5AEA742AA7637D00E25835 /* NotificationsController.swift */,
				5F5AEA762AA7638B00E25835 /* ProfileController.swift */,
			);
			path = TabBar;
			sourceTree = "<group>";
		};
/* End PBXGroup section */

/* Begin PBXNativeTarget section */
		5F5AEA4F2AA7613500E25835 /* InstagramMVVM */ = {
			isa = PBXNativeTarget;
			buildConfigurationList = 5F5AEA642AA7613500E25835 /* Build configuration list for PBXNativeTarget "InstagramMVVM" */;
			buildPhases = (
				5F5AEA4C2AA7613500E25835 /* Sources */,
				5F5AEA4D2AA7613500E25835 /* Frameworks */,
				5F5AEA4E2AA7613500E25835 /* Resources */,
			);
			buildRules = (
			);
			dependencies = (
			);
			name = InstagramMVVM;
			packageProductDependencies = (
				5FA29C562AA7E5CF000C90CF /* FirebaseAuth */,
				5FA29C582AA7E5CF000C90CF /* FirebaseDatabase */,
				5FA29C5A2AA7E5CF000C90CF /* FirebaseStorage */,
				5F8376132AA8EB00003FAD7E /* SDWebImage */,
				5F96829D2AA96D5A00BCEFC7 /* YPImagePicker */,
				5F9682A72AA9A51300BCEFC7 /* JGProgressHUD */,
			);
			productName = InstagramMVVM;
			productReference = 5F5AEA502AA7613500E25835 /* InstagramMVVM.app */;
			productType = "com.apple.product-type.application";
		};
/* End PBXNativeTarget section */

/* Begin PBXProject section */
		5F5AEA482AA7613500E25835 /* Project object */ = {
			isa = PBXProject;
			attributes = {
				BuildIndependentTargetsInParallel = 1;
				LastSwiftUpdateCheck = 1430;
				LastUpgradeCheck = 1430;
				TargetAttributes = {
					5F5AEA4F2AA7613500E25835 = {
						CreatedOnToolsVersion = 14.3.1;
					};
				};
			};
			buildConfigurationList = 5F5AEA4B2AA7613500E25835 /* Build configuration list for PBXProject "InstagramMVVM" */;
			compatibilityVersion = "Xcode 14.0";
			developmentRegion = en;
			hasScannedForEncodings = 0;
			knownRegions = (
				en,
				Base,
			);
			mainGroup = 5F5AEA472AA7613500E25835;
			packageReferences = (
				5FA29C552AA7E5CF000C90CF /* XCRemoteSwiftPackageReference "firebase-ios-sdk" */,
				5F8376122AA8EB00003FAD7E /* XCRemoteSwiftPackageReference "SDWebImage" */,
				5F96829C2AA96D5A00BCEFC7 /* XCRemoteSwiftPackageReference "YPImagePicker" */,
				5F9682A62AA9A51300BCEFC7 /* XCRemoteSwiftPackageReference "JGProgressHUD" */,
			);
			productRefGroup = 5F5AEA512AA7613500E25835 /* Products */;
			projectDirPath = "";
			projectRoot = "";
			targets = (
				5F5AEA4F2AA7613500E25835 /* InstagramMVVM */,
			);
		};
/* End PBXProject section */

/* Begin PBXResourcesBuildPhase section */
		5F5AEA4E2AA7613500E25835 /* Resources */ = {
			isa = PBXResourcesBuildPhase;
			buildActionMask = 2147483647;
			files = (
				5F5AEA602AA7613500E25835 /* LaunchScreen.storyboard in Resources */,
				5F5AEA5D2AA7613500E25835 /* Assets.xcassets in Resources */,
				5F3AAA132AA7D9FC00D06E0B /* GoogleService-Info.plist in Resources */,
			);
			runOnlyForDeploymentPostprocessing = 0;
		};
/* End PBXResourcesBuildPhase section */

/* Begin PBXSourcesBuildPhase section */
		5F5AEA4C2AA7613500E25835 /* Sources */ = {
			isa = PBXSourcesBuildPhase;
			buildActionMask = 2147483647;
			files = (
				5F8B44C42AAAD08F00591036 /* CommentViewModel.swift in Sources */,
				5F302B0A2AAA3F1400CFEFFB /* PostViewModel.swift in Sources */,
				5F3AAA0C2AA798FF00D06E0B /* RegistrationController.swift in Sources */,
				5FA29C5D2AA7EBAF000C90CF /* ImageUploader.swift in Sources */,
				5F9682A02AA979FC00BCEFC7 /* UploadPostController.swift in Sources */,
				5FA29C5F2AA7EDAF000C90CF /* AuthService.swift in Sources */,
				5F8376182AA924A2003FAD7E /* SearchTableViewModel.swift in Sources */,
				5F5AEA6D2AA761FC00E25835 /* MainTapContoller.swift in Sources */,
				5FFBACE92AAD491000AA9CDC /* ResetPasswordController.swift in Sources */,
				5FCA64C02AAC017000FF478F /* NotificationViewModel.swift in Sources */,
				5F302B0C2AAA8F9F00CFEFFB /* ConmmentController.swift in Sources */,
				5F5AEA752AA7637D00E25835 /* NotificationsController.swift in Sources */,
				5F8B44C02AAAC0B100591036 /* CommentService.swift in Sources */,
				5F8B44C22AAAC7F000591036 /* Comment.swift in Sources */,
				5FCA64BA2AABD0A800FF478F /* Notification.swift in Sources */,
				5FA29C612AA7F3DE000C90CF /* DBString.swift in Sources */,
				5F3AAA0A2AA798F000D06E0B /* LoginController.swift in Sources */,
				5F5AEA6F2AA7633B00E25835 /* FeedController.swift in Sources */,
				5F302B112AAA991B00CFEFFB /* CommentAccessoryView.swift in Sources */,
				5F78E1972AA81F1300B7F48A /* ProfileHeader.swift in Sources */,
				5F3AAA0F2AA7C09400D06E0B /* AuthenticationViewModel.swift in Sources */,
				5F83760F2AA8DB2D003FAD7E /* User.swift in Sources */,
				5FCA64BC2AABD0EA00FF478F /* Enum.swift in Sources */,
				5F5AEA7B2AA7728000E25835 /* FeedCell.swift in Sources */,
				5F8376112AA8E003003FAD7E /* ProfileHeaderViewModel.swift in Sources */,
				5F5AEA542AA7613500E25835 /* AppDelegate.swift in Sources */,
				5F9682A32AA98EAF00BCEFC7 /* InputTextView.swift in Sources */,
				5F8376162AA9055E003FAD7E /* SearchTableCell.swift in Sources */,
				5F5AEA792AA76D9300E25835 /* Constants.swift in Sources */,
				5F5AEA7D2AA7735400E25835 /* Extensions.swift in Sources */,
				5FCA64BE2AABE41500FF478F /* NotificationService.swift in Sources */,
				5F83760D2AA8D9C1003FAD7E /* UserService.swift in Sources */,
				5F5AEA772AA7638B00E25835 /* ProfileController.swift in Sources */,
				5F302B082AAA2F1800CFEFFB /* Post.swift in Sources */,
				5F5AEA732AA7635500E25835 /* ImageSelectorController.swift in Sources */,
				5F9682A52AA995CC00BCEFC7 /* PostService.swift in Sources */,
				5F78E1952AA81EBF00B7F48A /* ProfileCell.swift in Sources */,
				5F5AEA712AA7634600E25835 /* SearchContoller.swift in Sources */,
				5F5AEA562AA7613500E25835 /* SceneDelegate.swift in Sources */,
				5FCA64B82AABC12F00FF478F /* NotificationCell.swift in Sources */,
				5F3AAA112AA7D06E00D06E0B /* Protocols.swift in Sources */,
				5F302B0E2AAA90DC00CFEFFB /* CommentCell.swift in Sources */,
			);
			runOnlyForDeploymentPostprocessing = 0;
		};
/* End PBXSourcesBuildPhase section */

/* Begin PBXVariantGroup section */
		5F5AEA5E2AA7613500E25835 /* LaunchScreen.storyboard */ = {
			isa = PBXVariantGroup;
			children = (
				5F5AEA5F2AA7613500E25835 /* Base */,
			);
			name = LaunchScreen.storyboard;
			sourceTree = "<group>";
		};
/* End PBXVariantGroup section */

/* Begin XCBuildConfiguration section */
		5F5AEA622AA7613500E25835 /* Debug */ = {
			isa = XCBuildConfiguration;
			buildSettings = {
				ALWAYS_SEARCH_USER_PATHS = NO;
				CLANG_ANALYZER_NONNULL = YES;
				CLANG_ANALYZER_NUMBER_OBJECT_CONVERSION = YES_AGGRESSIVE;
				CLANG_CXX_LANGUAGE_STANDARD = "gnu++20";
				CLANG_ENABLE_MODULES = YES;
				CLANG_ENABLE_OBJC_ARC = YES;
				CLANG_ENABLE_OBJC_WEAK = YES;
				CLANG_WARN_BLOCK_CAPTURE_AUTORELEASING = YES;
				CLANG_WARN_BOOL_CONVERSION = YES;
				CLANG_WARN_COMMA = YES;
				CLANG_WARN_CONSTANT_CONVERSION = YES;
				CLANG_WARN_DEPRECATED_OBJC_IMPLEMENTATIONS = YES;
				CLANG_WARN_DIRECT_OBJC_ISA_USAGE = YES_ERROR;
				CLANG_WARN_DOCUMENTATION_COMMENTS = YES;
				CLANG_WARN_EMPTY_BODY = YES;
				CLANG_WARN_ENUM_CONVERSION = YES;
				CLANG_WARN_INFINITE_RECURSION = YES;
				CLANG_WARN_INT_CONVERSION = YES;
				CLANG_WARN_NON_LITERAL_NULL_CONVERSION = YES;
				CLANG_WARN_OBJC_IMPLICIT_RETAIN_SELF = YES;
				CLANG_WARN_OBJC_LITERAL_CONVERSION = YES;
				CLANG_WARN_OBJC_ROOT_CLASS = YES_ERROR;
				CLANG_WARN_QUOTED_INCLUDE_IN_FRAMEWORK_HEADER = YES;
				CLANG_WARN_RANGE_LOOP_ANALYSIS = YES;
				CLANG_WARN_STRICT_PROTOTYPES = YES;
				CLANG_WARN_SUSPICIOUS_MOVE = YES;
				CLANG_WARN_UNGUARDED_AVAILABILITY = YES_AGGRESSIVE;
				CLANG_WARN_UNREACHABLE_CODE = YES;
				CLANG_WARN__DUPLICATE_METHOD_MATCH = YES;
				COPY_PHASE_STRIP = NO;
				DEBUG_INFORMATION_FORMAT = dwarf;
				ENABLE_STRICT_OBJC_MSGSEND = YES;
				ENABLE_TESTABILITY = YES;
				GCC_C_LANGUAGE_STANDARD = gnu11;
				GCC_DYNAMIC_NO_PIC = NO;
				GCC_NO_COMMON_BLOCKS = YES;
				GCC_OPTIMIZATION_LEVEL = 0;
				GCC_PREPROCESSOR_DEFINITIONS = (
					"DEBUG=1",
					"$(inherited)",
				);
				GCC_WARN_64_TO_32_BIT_CONVERSION = YES;
				GCC_WARN_ABOUT_RETURN_TYPE = YES_ERROR;
				GCC_WARN_UNDECLARED_SELECTOR = YES;
				GCC_WARN_UNINITIALIZED_AUTOS = YES_AGGRESSIVE;
				GCC_WARN_UNUSED_FUNCTION = YES;
				GCC_WARN_UNUSED_VARIABLE = YES;
				IPHONEOS_DEPLOYMENT_TARGET = 16.4;
				MTL_ENABLE_DEBUG_INFO = INCLUDE_SOURCE;
				MTL_FAST_MATH = YES;
				ONLY_ACTIVE_ARCH = YES;
				SDKROOT = iphoneos;
				SWIFT_ACTIVE_COMPILATION_CONDITIONS = DEBUG;
				SWIFT_OPTIMIZATION_LEVEL = "-Onone";
			};
			name = Debug;
		};
		5F5AEA632AA7613500E25835 /* Release */ = {
			isa = XCBuildConfiguration;
			buildSettings = {
				ALWAYS_SEARCH_USER_PATHS = NO;
				CLANG_ANALYZER_NONNULL = YES;
				CLANG_ANALYZER_NUMBER_OBJECT_CONVERSION = YES_AGGRESSIVE;
				CLANG_CXX_LANGUAGE_STANDARD = "gnu++20";
				CLANG_ENABLE_MODULES = YES;
				CLANG_ENABLE_OBJC_ARC = YES;
				CLANG_ENABLE_OBJC_WEAK = YES;
				CLANG_WARN_BLOCK_CAPTURE_AUTORELEASING = YES;
				CLANG_WARN_BOOL_CONVERSION = YES;
				CLANG_WARN_COMMA = YES;
				CLANG_WARN_CONSTANT_CONVERSION = YES;
				CLANG_WARN_DEPRECATED_OBJC_IMPLEMENTATIONS = YES;
				CLANG_WARN_DIRECT_OBJC_ISA_USAGE = YES_ERROR;
				CLANG_WARN_DOCUMENTATION_COMMENTS = YES;
				CLANG_WARN_EMPTY_BODY = YES;
				CLANG_WARN_ENUM_CONVERSION = YES;
				CLANG_WARN_INFINITE_RECURSION = YES;
				CLANG_WARN_INT_CONVERSION = YES;
				CLANG_WARN_NON_LITERAL_NULL_CONVERSION = YES;
				CLANG_WARN_OBJC_IMPLICIT_RETAIN_SELF = YES;
				CLANG_WARN_OBJC_LITERAL_CONVERSION = YES;
				CLANG_WARN_OBJC_ROOT_CLASS = YES_ERROR;
				CLANG_WARN_QUOTED_INCLUDE_IN_FRAMEWORK_HEADER = YES;
				CLANG_WARN_RANGE_LOOP_ANALYSIS = YES;
				CLANG_WARN_STRICT_PROTOTYPES = YES;
				CLANG_WARN_SUSPICIOUS_MOVE = YES;
				CLANG_WARN_UNGUARDED_AVAILABILITY = YES_AGGRESSIVE;
				CLANG_WARN_UNREACHABLE_CODE = YES;
				CLANG_WARN__DUPLICATE_METHOD_MATCH = YES;
				COPY_PHASE_STRIP = NO;
				DEBUG_INFORMATION_FORMAT = "dwarf-with-dsym";
				ENABLE_NS_ASSERTIONS = NO;
				ENABLE_STRICT_OBJC_MSGSEND = YES;
				GCC_C_LANGUAGE_STANDARD = gnu11;
				GCC_NO_COMMON_BLOCKS = YES;
				GCC_WARN_64_TO_32_BIT_CONVERSION = YES;
				GCC_WARN_ABOUT_RETURN_TYPE = YES_ERROR;
				GCC_WARN_UNDECLARED_SELECTOR = YES;
				GCC_WARN_UNINITIALIZED_AUTOS = YES_AGGRESSIVE;
				GCC_WARN_UNUSED_FUNCTION = YES;
				GCC_WARN_UNUSED_VARIABLE = YES;
				IPHONEOS_DEPLOYMENT_TARGET = 16.4;
				MTL_ENABLE_DEBUG_INFO = NO;
				MTL_FAST_MATH = YES;
				SDKROOT = iphoneos;
				SWIFT_COMPILATION_MODE = wholemodule;
				SWIFT_OPTIMIZATION_LEVEL = "-O";
				VALIDATE_PRODUCT = YES;
			};
			name = Release;
		};
		5F5AEA652AA7613500E25835 /* Debug */ = {
			isa = XCBuildConfiguration;
			buildSettings = {
				ASSETCATALOG_COMPILER_APPICON_NAME = AppIcon;
				ASSETCATALOG_COMPILER_GLOBAL_ACCENT_COLOR_NAME = AccentColor;
				CODE_SIGN_STYLE = Automatic;
				CURRENT_PROJECT_VERSION = 1;
				GENERATE_INFOPLIST_FILE = YES;
				INFOPLIST_FILE = InstagramMVVM/Info.plist;
				INFOPLIST_KEY_UIApplicationSupportsIndirectInputEvents = YES;
				INFOPLIST_KEY_UILaunchStoryboardName = LaunchScreen;
				INFOPLIST_KEY_UISupportedInterfaceOrientations_iPad = "UIInterfaceOrientationPortrait UIInterfaceOrientationPortraitUpsideDown UIInterfaceOrientationLandscapeLeft UIInterfaceOrientationLandscapeRight";
				INFOPLIST_KEY_UISupportedInterfaceOrientations_iPhone = "UIInterfaceOrientationPortrait UIInterfaceOrientationLandscapeLeft UIInterfaceOrientationLandscapeRight";
				LD_RUNPATH_SEARCH_PATHS = (
					"$(inherited)",
					"@executable_path/Frameworks",
				);
				MARKETING_VERSION = 1.0;
				PRODUCT_BUNDLE_IDENTIFIER = ges.InstagramMVVM;
				PRODUCT_NAME = "$(TARGET_NAME)";
				SWIFT_EMIT_LOC_STRINGS = YES;
				SWIFT_VERSION = 5.0;
				TARGETED_DEVICE_FAMILY = "1,2";
			};
			name = Debug;
		};
		5F5AEA662AA7613500E25835 /* Release */ = {
			isa = XCBuildConfiguration;
			buildSettings = {
				ASSETCATALOG_COMPILER_APPICON_NAME = AppIcon;
				ASSETCATALOG_COMPILER_GLOBAL_ACCENT_COLOR_NAME = AccentColor;
				CODE_SIGN_STYLE = Automatic;
				CURRENT_PROJECT_VERSION = 1;
				GENERATE_INFOPLIST_FILE = YES;
				INFOPLIST_FILE = InstagramMVVM/Info.plist;
				INFOPLIST_KEY_UIApplicationSupportsIndirectInputEvents = YES;
				INFOPLIST_KEY_UILaunchStoryboardName = LaunchScreen;
				INFOPLIST_KEY_UISupportedInterfaceOrientations_iPad = "UIInterfaceOrientationPortrait UIInterfaceOrientationPortraitUpsideDown UIInterfaceOrientationLandscapeLeft UIInterfaceOrientationLandscapeRight";
				INFOPLIST_KEY_UISupportedInterfaceOrientations_iPhone = "UIInterfaceOrientationPortrait UIInterfaceOrientationLandscapeLeft UIInterfaceOrientationLandscapeRight";
				LD_RUNPATH_SEARCH_PATHS = (
					"$(inherited)",
					"@executable_path/Frameworks",
				);
				MARKETING_VERSION = 1.0;
				PRODUCT_BUNDLE_IDENTIFIER = ges.InstagramMVVM;
				PRODUCT_NAME = "$(TARGET_NAME)";
				SWIFT_EMIT_LOC_STRINGS = YES;
				SWIFT_VERSION = 5.0;
				TARGETED_DEVICE_FAMILY = "1,2";
			};
			name = Release;
		};
/* End XCBuildConfiguration section */

/* Begin XCConfigurationList section */
		5F5AEA4B2AA7613500E25835 /* Build configuration list for PBXProject "InstagramMVVM" */ = {
			isa = XCConfigurationList;
			buildConfigurations = (
				5F5AEA622AA7613500E25835 /* Debug */,
				5F5AEA632AA7613500E25835 /* Release */,
			);
			defaultConfigurationIsVisible = 0;
			defaultConfigurationName = Release;
		};
		5F5AEA642AA7613500E25835 /* Build configuration list for PBXNativeTarget "InstagramMVVM" */ = {
			isa = XCConfigurationList;
			buildConfigurations = (
				5F5AEA652AA7613500E25835 /* Debug */,
				5F5AEA662AA7613500E25835 /* Release */,
			);
			defaultConfigurationIsVisible = 0;
			defaultConfigurationName = Release;
		};
/* End XCConfigurationList section */

/* Begin XCRemoteSwiftPackageReference section */
		5F8376122AA8EB00003FAD7E /* XCRemoteSwiftPackageReference "SDWebImage" */ = {
			isa = XCRemoteSwiftPackageReference;
			repositoryURL = "https://github.com/SDWebImage/SDWebImage";
			requirement = {
				kind = upToNextMajorVersion;
				minimumVersion = 5.1.0;
			};
		};
		5F96829C2AA96D5A00BCEFC7 /* XCRemoteSwiftPackageReference "YPImagePicker" */ = {
			isa = XCRemoteSwiftPackageReference;
			repositoryURL = "https://github.com/Yummypets/YPImagePicker.git";
			requirement = {
				kind = upToNextMajorVersion;
				minimumVersion = 5.0.0;
			};
		};
		5F9682A62AA9A51300BCEFC7 /* XCRemoteSwiftPackageReference "JGProgressHUD" */ = {
			isa = XCRemoteSwiftPackageReference;
			repositoryURL = "https://github.com/JonasGessner/JGProgressHUD.git";
			requirement = {
				kind = upToNextMajorVersion;
				minimumVersion = 2.0.0;
			};
		};
		5FA29C552AA7E5CF000C90CF /* XCRemoteSwiftPackageReference "firebase-ios-sdk" */ = {
			isa = XCRemoteSwiftPackageReference;
			repositoryURL = "https://github.com/firebase/firebase-ios-sdk.git";
			requirement = {
				kind = upToNextMajorVersion;
				minimumVersion = 10.0.0;
			};
		};
/* End XCRemoteSwiftPackageReference section */

/* Begin XCSwiftPackageProductDependency section */
		5F8376132AA8EB00003FAD7E /* SDWebImage */ = {
			isa = XCSwiftPackageProductDependency;
			package = 5F8376122AA8EB00003FAD7E /* XCRemoteSwiftPackageReference "SDWebImage" */;
			productName = SDWebImage;
		};
		5F96829D2AA96D5A00BCEFC7 /* YPImagePicker */ = {
			isa = XCSwiftPackageProductDependency;
			package = 5F96829C2AA96D5A00BCEFC7 /* XCRemoteSwiftPackageReference "YPImagePicker" */;
			productName = YPImagePicker;
		};
		5F9682A72AA9A51300BCEFC7 /* JGProgressHUD */ = {
			isa = XCSwiftPackageProductDependency;
			package = 5F9682A62AA9A51300BCEFC7 /* XCRemoteSwiftPackageReference "JGProgressHUD" */;
			productName = JGProgressHUD;
		};
		5FA29C562AA7E5CF000C90CF /* FirebaseAuth */ = {
			isa = XCSwiftPackageProductDependency;
			package = 5FA29C552AA7E5CF000C90CF /* XCRemoteSwiftPackageReference "firebase-ios-sdk" */;
			productName = FirebaseAuth;
		};
		5FA29C582AA7E5CF000C90CF /* FirebaseDatabase */ = {
			isa = XCSwiftPackageProductDependency;
			package = 5FA29C552AA7E5CF000C90CF /* XCRemoteSwiftPackageReference "firebase-ios-sdk" */;
			productName = FirebaseDatabase;
		};
		5FA29C5A2AA7E5CF000C90CF /* FirebaseStorage */ = {
			isa = XCSwiftPackageProductDependency;
			package = 5FA29C552AA7E5CF000C90CF /* XCRemoteSwiftPackageReference "firebase-ios-sdk" */;
			productName = FirebaseStorage;
		};
/* End XCSwiftPackageProductDependency section */
	};
	rootObject = 5F5AEA482AA7613500E25835 /* Project object */;
}
